
Microsoft Visual Studio Solution File, Format Version 12.00
# Visual Studio Version 17
VisualStudioVersion = 17.3.32819.101
MinimumVisualStudioVersion = 10.0.40219.1
Project("{FAE04EC0-301F-11D3-BF4B-00C04F79EFBC}") = "drunkstudent", "drunkstudent.csproj", "{A5F9C8D0-8AC6-475E-B324-3ABB1A787F84}"
EndProject
Global
	GlobalSection(SolutionConfigurationPlatforms) = preSolution
		Debug|Any CPU = Debug|Any CPU
		Release|Any CPU = Release|Any CPU
	EndGlobalSection
	GlobalSection(ProjectConfigurationPlatforms) = postSolution
		{A5F9C8D0-8AC6-475E-B324-3ABB1A787F84}.Debug|Any CPU.ActiveCfg = Debug|Any CPU
		{A5F9C8D0-8AC6-475E-B324-3ABB1A787F84}.Debug|Any CPU.Build.0 = Debug|Any CPU
		{A5F9C8D0-8AC6-475E-B324-3ABB1A787F84}.Release|Any CPU.ActiveCfg = Release|Any CPU
		{A5F9C8D0-8AC6-475E-B324-3ABB1A787F84}.Release|Any CPU.Build.0 = Release|Any CPU
	EndGlobalSection
	GlobalSection(SolutionProperties) = preSolution
		HideSolutionNode = FALSE
	EndGlobalSection
	GlobalSection(ExtensibilityGlobals) = postSolution
		SolutionGuid = {F4BC343E-2FED-4C0B-A428-DA63B3745BF9}
	EndGlobalSection
EndGlobal
